// !$*UTF8*$!
{
	archiveVersion = 1;
	classes = {
	};
	objectVersion = 77;
	objects = {

/* Begin PBXContainerItemProxy section */
		297354DA2FCFDBAD00D5419F /* PBXContainerItemProxy */ = {
			isa = PBXContainerItemProxy;
			containerPortal = 297354C42FCFDBAB00D5419F /* Project object */;
			proxyType = 1;
			remoteGlobalIDString = 297354CB2FCFDBAB00D5419F;
			remoteInfo = DragDropDidgeridoo;
		};
		297354E42FCFDBAD00D5419F /* PBXContainerItemProxy */ = {
			isa = PBXContainerItemProxy;
			containerPortal = 297354C42FCFDBAB00D5419F /* Project object */;
			proxyType = 1;
			remoteGlobalIDString = 297354CB2FCFDBAB00D5419F;
			remoteInfo = DragDropDidgeridoo;
		};
/* End PBXContainerItemProxy section */

/* Begin PBXFileReference section */
		297354CC2FCFDBAB00D5419F /* DragDropDidgeridoo.app */ = {isa = PBXFileReference; explicitFileType = wrapper.application; includeInIndex = 0; path = DragDropDidgeridoo.app; sourceTree = BUILT_PRODUCTS_DIR; };
		297354D92FCFDBAD00D5419F /* DragDropDidgeridooTests.xctest */ = {isa = PBXFileReference; explicitFileType = wrapper.cfbundle; includeInIndex = 0; path = DragDropDidgeridooTests.xctest; sourceTree = BUILT_PRODUCTS_DIR; };
		297354E32FCFDBAD00D5419F /* DragDropDidgeridooUITests.xctest */ = {isa = PBXFileReference; explicitFileType = wrapper.cfbundle; includeInIndex = 0; path = DragDropDidgeridooUITests.xctest; sourceTree = BUILT_PRODUCTS_DIR; };
/* End PBXFileReference section */

/* Begin PBXFileSystemSynchronizedBuildFileExceptionSet section */
		297354F72FCFE77D00D5419F /* Exceptions for "DragDropDidgeridoo" folder in "DragDropDidgeridoo" target */ = {
			isa = PBXFileSystemSynchronizedBuildFileExceptionSet;
			membershipExceptions = (
				Info.plist,
			);
			target = 297354CB2FCFDBAB00D5419F /* DragDropDidgeridoo */;
		};
/* End PBXFileSystemSynchronizedBuildFileExceptionSet section */

/* Begin PBXFileSystemSynchronizedRootGroup section */
		297354CE2FCFDBAB00D5419F /* DragDropDidgeridoo */ = {
			isa = PBXFileSystemSynchronizedRootGroup;
			exceptions = (
				297354F72FCFE77D00D5419F /* Exceptions for "DragDropDidgeridoo" folder in "DragDropDidgeridoo" target */,
			);
			path = DragDropDidgeridoo;
			sourceTree = "<group>";
		};
		297354DC2FCFDBAD00D5419F /* DragDropDidgeridooTests */ = {
			isa = PBXFileSystemSynchronizedRootGroup;
			path = DragDropDidgeridooTests;
			sourceTree = "<group>";
		};
		297354E62FCFDBAD00D5419F /* DragDropDidgeridooUITests */ = {
			isa = PBXFileSystemSynchronizedRootGroup;
			path = DragDropDidgeridooUITests;
			sourceTree = "<group>";
		};
/* End PBXFileSystemSynchronizedRootGroup section */

/* Begin PBXFrameworksBuildPhase section */
		297354C92FCFDBAB00D5419F /* Frameworks */ = {
			isa = PBXFrameworksBuildPhase;
			buildActionMask = 2147483647;
			files = (
			);
			runOnlyForDeploymentPostprocessing = 0;
		};
		297354D62FCFDBAD00D5419F /* Frameworks */ = {
			isa = PBXFrameworksBuildPhase;
			buildActionMask = 2147483647;
			files = (
			);
			runOnlyForDeploymentPostprocessing = 0;
		};
		297354E02FCFDBAD00D5419F /* Frameworks */ = {
			isa = PBXFrameworksBuildPhase;
			buildActionMask = 2147483647;
			files = (
			);
			runOnlyForDeploymentPostprocessing = 0;
		};
/* End PBXFrameworksBuildPhase section */

/* Begin PBXGroup section */
		297354C32FCFDBAB00D5419F = {
			isa = PBXGroup;
			children = (
				297354CE2FCFDBAB00D5419F /* DragDropDidgeridoo */,
				297354DC2FCFDBAD00D5419F /* DragDropDidgeridooTests */,
				297354E62FCFDBAD00D5419F /* DragDropDidgeridooUITests */,
				297354CD2FCFDBAB00D5419F /* Products */,
			);
			sourceTree = "<group>";
		};
		297354CD2FCFDBAB00D5419F /* Products */ = {
			isa = PBXGroup;
			children = (
				297354CC2FCFDBAB00D5419F /* DragDropDidgeridoo.app */,
				297354D92FCFDBAD00D5419F /* DragDropDidgeridooTests.xctest */,
				297354E32FCFDBAD00D5419F /* DragDropDidgeridooUITests.xctest */,
			);
			name = Products;
			sourceTree = "<group>";
		};
/* End PBXGroup section */

/* Begin PBXNativeTarget section */
		297354CB2FCFDBAB00D5419F /* DragDropDidgeridoo */ = {
			isa = PBXNativeTarget;
			buildConfigurationList = 297354ED2FCFDBAD00D5419F /* Build configuration list for PBXNativeTarget "DragDropDidgeridoo" */;
			buildPhases = (
				297354C82FCFDBAB00D5419F /* Sources */,
				297354C92FCFDBAB00D5419F /* Frameworks */,
				297354CA2FCFDBAB00D5419F /* Resources */,
			);
			buildRules = (
			);
			dependencies = (
			);
			fileSystemSynchronizedGroups = (
				297354CE2FCFDBAB00D5419F /* DragDropDidgeridoo */,
			);
			name = DragDropDidgeridoo;
			packageProductDependencies = (
			);
			productName = DragDropDidgeridoo;
			productReference = 297354CC2FCFDBAB00D5419F /* DragDropDidgeridoo.app */;
			productType = "com.apple.product-type.application";
		};
		297354D82FCFDBAD00D5419F /* DragDropDidgeridooTests */ = {
			isa = PBXNativeTarget;
			buildConfigurationList = 297354F02FCFDBAD00D5419F /* Build configuration list for PBXNativeTarget "DragDropDidgeridooTests" */;
			buildPhases = (
				297354D52FCFDBAD00D5419F /* Sources */,
				297354D62FCFDBAD00D5419F /* Frameworks */,
				297354D72FCFDBAD00D5419F /* Resources */,
			);
			buildRules = (
			);
			dependencies = (
				297354DB2FCFDBAD00D5419F /* PBXTargetDependency */,
			);
			fileSystemSynchronizedGroups = (
				297354DC2FCFDBAD00D5419F /* DragDropDidgeridooTests */,
			);
			name = DragDropDidgeridooTests;
			packageProductDependencies = (
			);
			productName = DragDropDidgeridooTests;
			productReference = 297354D92FCFDBAD00D5419F /* DragDropDidgeridooTests.xctest */;
			productType = "com.apple.product-type.bundle.unit-test";
		};
		297354E22FCFDBAD00D5419F /* DragDropDidgeridooUITests */ = {
			isa = PBXNativeTarget;
			buildConfigurationList = 297354F32FCFDBAD00D5419F /* Build configuration list for PBXNativeTarget "DragDropDidgeridooUITests" */;
			buildPhases = (
				297354DF2FCFDBAD00D5419F /* Sources */,
				297354E02FCFDBAD00D5419F /* Frameworks */,
				297354E12FCFDBAD00D5419F /* Resources */,
			);
			buildRules = (
			);
			dependencies = (
				297354E52FCFDBAD00D5419F /* PBXTargetDependency */,
			);
			fileSystemSynchronizedGroups = (
				297354E62FCFDBAD00D5419F /* DragDropDidgeridooUITests */,
			);
			name = DragDropDidgeridooUITests;
			packageProductDependencies = (
			);
			productName = DragDropDidgeridooUITests;
			productReference = 297354E32FCFDBAD00D5419F /* DragDropDidgeridooUITests.xctest */;
			productType = "com.apple.product-type.bundle.ui-testing";
		};
/* End PBXNativeTarget section */

/* Begin PBXProject section */
		297354C42FCFDBAB00D5419F /* Project object */ = {
			isa = PBXProject;
			attributes = {
				BuildIndependentTargetsInParallel = 1;
				LastSwiftUpdateCheck = 2650;
				LastUpgradeCheck = 2650;
				TargetAttributes = {
					297354CB2FCFDBAB00D5419F = {
						CreatedOnToolsVersion = 26.5;
					};
					297354D82FCFDBAD00D5419F = {
						CreatedOnToolsVersion = 26.5;
						TestTargetID = 297354CB2FCFDBAB00D5419F;
					};
					297354E22FCFDBAD00D5419F = {
						CreatedOnToolsVersion = 26.5;
						TestTargetID = 297354CB2FCFDBAB00D5419F;
					};
				};
			};
			buildConfigurationList = 297354C72FCFDBAB00D5419F /* Build configuration list for PBXProject "DragDropDidgeridoo" */;
			developmentRegion = en;
			hasScannedForEncodings = 0;
			knownRegions = (
				en,
				Base,
			);
			mainGroup = 297354C32FCFDBAB00D5419F;
			minimizedProjectReferenceProxies = 1;
			preferredProjectObjectVersion = 77;
			productRefGroup = 297354CD2FCFDBAB00D5419F /* Products */;
			projectDirPath = "";
			projectRoot = "";
			targets = (
				297354CB2FCFDBAB00D5419F /* DragDropDidgeridoo */,
				297354D82FCFDBAD00D5419F /* DragDropDidgeridooTests */,
				297354E22FCFDBAD00D5419F /* DragDropDidgeridooUITests */,
			);
		};
/* End PBXProject section */

/* Begin PBXResourcesBuildPhase section */
		297354CA2FCFDBAB00D5419F /* Resources */ = {
			isa = PBXResourcesBuildPhase;
			buildActionMask = 2147483647;
			files = (
			);
			runOnlyForDeploymentPostprocessing = 0;
		};
		297354D72FCFDBAD00D5419F /* Resources */ = {
			isa = PBXResourcesBuildPhase;
			buildActionMask = 2147483647;
			files = (
			);
			runOnlyForDeploymentPostprocessing = 0;
		};
		297354E12FCFDBAD00D5419F /* Resources */ = {
			isa = PBXResourcesBuildPhase;
			buildActionMask = 2147483647;
			files = (
			);
			runOnlyForDeploymentPostprocessing = 0;
		};
/* End PBXResourcesBuildPhase section */

/* Begin PBXSourcesBuildPhase section */
		297354C82FCFDBAB00D5419F /* Sources */ = {
			isa = PBXSourcesBuildPhase;
			buildActionMask = 2147483647;
			files = (
			);
			runOnlyForDeploymentPostprocessing = 0;
		};
		297354D52FCFDBAD00D5419F /* Sources */ = {
			isa = PBXSourcesBuildPhase;
			buildActionMask = 2147483647;
			files = (
			);
			runOnlyForDeploymentPostprocessing = 0;
		};
		297354DF2FCFDBAD00D5419F /* Sources */ = {
			isa = PBXSourcesBuildPhase;
			buildActionMask = 2147483647;
			files = (
			);
			runOnlyForDeploymentPostprocessing = 0;
		};
/* End PBXSourcesBuildPhase section */

/* Begin PBXTargetDependency section */
		297354DB2FCFDBAD00D5419F /* PBXTargetDependency */ = {
			isa = PBXTargetDependency;
			target = 297354CB2FCFDBAB00D5419F /* DragDropDidgeridoo */;
			targetProxy = 297354DA2FCFDBAD00D5419F /* PBXContainerItemProxy */;
		};
		297354E52FCFDBAD00D5419F /* PBXTargetDependency */ = {
			isa = PBXTargetDependency;
			target = 297354CB2FCFDBAB00D5419F /* DragDropDidgeridoo */;
			targetProxy = 297354E42FCFDBAD00D5419F /* PBXContainerItemProxy */;
		};
/* End PBXTargetDependency section */

/* Begin XCBuildConfiguration section */
		297354EB2FCFDBAD00D5419F /* Debug */ = {
			isa = XCBuildConfiguration;
			buildSettings = {
				ALWAYS_SEARCH_USER_PATHS = NO;
				ASSETCATALOG_COMPILER_GENERATE_SWIFT_ASSET_SYMBOL_EXTENSIONS = YES;
				CLANG_ANALYZER_NONNULL = YES;
				CLANG_ANALYZER_NUMBER_OBJECT_CONVERSION = YES_AGGRESSIVE;
				CLANG_CXX_LANGUAGE_STANDARD = "gnu++20";
				CLANG_ENABLE_MODULES = YES;
				CLANG_ENABLE_OBJC_ARC = YES;
				CLANG_ENABLE_OBJC_WEAK = YES;
				CLANG_WARN_BLOCK_CAPTURE_AUTORELEASING = YES;
				CLANG_WARN_BOOL_CONVERSION = YES;
				CLANG_WARN_COMMA = YES;
				CLANG_WARN_CONSTANT_CONVERSION = YES;
				CLANG_WARN_DEPRECATED_OBJC_IMPLEMENTATIONS = YES;
				CLANG_WARN_DIRECT_OBJC_ISA_USAGE = YES_ERROR;
				CLANG_WARN_DOCUMENTATION_COMMENTS = YES;
				CLANG_WARN_EMPTY_BODY = YES;
				CLANG_WARN_ENUM_CONVERSION = YES;
				CLANG_WARN_INFINITE_RECURSION = YES;
				CLANG_WARN_INT_CONVERSION = YES;
				CLANG_WARN_NON_LITERAL_NULL_CONVERSION = YES;
				CLANG_WARN_OBJC_IMPLICIT_RETAIN_SELF = YES;
				CLANG_WARN_OBJC_LITERAL_CONVERSION = YES;
				CLANG_WARN_OBJC_ROOT_CLASS = YES_ERROR;
				CLANG_WARN_QUOTED_INCLUDE_IN_FRAMEWORK_HEADER = YES;
				CLANG_WARN_RANGE_LOOP_ANALYSIS = YES;
				CLANG_WARN_STRICT_PROTOTYPES = YES;
				CLANG_WARN_SUSPICIOUS_MOVE = YES;
				CLANG_WARN_UNGUARDED_AVAILABILITY = YES_AGGRESSIVE;
				CLANG_WARN_UNREACHABLE_CODE = YES;
				CLANG_WARN__DUPLICATE_METHOD_MATCH = YES;
				COPY_PHASE_STRIP = NO;
				DEBUG_INFORMATION_FORMAT = dwarf;
				ENABLE_STRICT_OBJC_MSGSEND = YES;
				ENABLE_TESTABILITY = YES;
				ENABLE_USER_SCRIPT_SANDBOXING = YES;
				GCC_C_LANGUAGE_STANDARD = gnu17;
				GCC_DYNAMIC_NO_PIC = NO;
				GCC_NO_COMMON_BLOCKS = YES;
				GCC_OPTIMIZATION_LEVEL = 0;
				GCC_PREPROCESSOR_DEFINITIONS = (
					"DEBUG=1",
					"$(inherited)",
				);
				GCC_WARN_64_TO_32_BIT_CONVERSION = YES;
				GCC_WARN_ABOUT_RETURN_TYPE = YES_ERROR;
				GCC_WARN_UNDECLARED_SELECTOR = YES;
				GCC_WARN_UNINITIALIZED_AUTOS = YES_AGGRESSIVE;
				GCC_WARN_UNUSED_FUNCTION = YES;
				GCC_WARN_UNUSED_VARIABLE = YES;
				IPHONEOS_DEPLOYMENT_TARGET = 26.5;
				LOCALIZATION_PREFERS_STRING_CATALOGS = YES;
				MTL_ENABLE_DEBUG_INFO = INCLUDE_SOURCE;
				MTL_FAST_MATH = YES;
				ONLY_ACTIVE_ARCH = YES;
				SDKROOT = iphoneos;
				SWIFT_ACTIVE_COMPILATION_CONDITIONS = "DEBUG $(inherited)";
				SWIFT_OPTIMIZATION_LEVEL = "-Onone";
			};
			name = Debug;
		};
		297354EC2FCFDBAD00D5419F /* Release */ = {
			isa = XCBuildConfiguration;
			buildSettings = {
				ALWAYS_SEARCH_USER_PATHS = NO;
				ASSETCATALOG_COMPILER_GENERATE_SWIFT_ASSET_SYMBOL_EXTENSIONS = YES;
				CLANG_ANALYZER_NONNULL = YES;
				CLANG_ANALYZER_NUMBER_OBJECT_CONVERSION = YES_AGGRESSIVE;
				CLANG_CXX_LANGUAGE_STANDARD = "gnu++20";
				CLANG_ENABLE_MODULES = YES;
				CLANG_ENABLE_OBJC_ARC = YES;
				CLANG_ENABLE_OBJC_WEAK = YES;
				CLANG_WARN_BLOCK_CAPTURE_AUTORELEASING = YES;
				CLANG_WARN_BOOL_CONVERSION = YES;
				CLANG_WARN_COMMA = YES;
				CLANG_WARN_CONSTANT_CONVERSION = YES;
				CLANG_WARN_DEPRECATED_OBJC_IMPLEMENTATIONS = YES;
				CLANG_WARN_DIRECT_OBJC_ISA_USAGE = YES_ERROR;
				CLANG_WARN_DOCUMENTATION_COMMENTS = YES;
				CLANG_WARN_EMPTY_BODY = YES;
				CLANG_WARN_ENUM_CONVERSION = YES;
				CLANG_WARN_INFINITE_RECURSION = YES;
				CLANG_WARN_INT_CONVERSION = YES;
				CLANG_WARN_NON_LITERAL_NULL_CONVERSION = YES;
				CLANG_WARN_OBJC_IMPLICIT_RETAIN_SELF = YES;
				CLANG_WARN_OBJC_LITERAL_CONVERSION = YES;
				CLANG_WARN_OBJC_ROOT_CLASS = YES_ERROR;
				CLANG_WARN_QUOTED_INCLUDE_IN_FRAMEWORK_HEADER = YES;
				CLANG_WARN_RANGE_LOOP_ANALYSIS = YES;
				CLANG_WARN_STRICT_PROTOTYPES = YES;
				CLANG_WARN_SUSPICIOUS_MOVE = YES;
				CLANG_WARN_UNGUARDED_AVAILABILITY = YES_AGGRESSIVE;
				CLANG_WARN_UNREACHABLE_CODE = YES;
				CLANG_WARN__DUPLICATE_METHOD_MATCH = YES;
				COPY_PHASE_STRIP = NO;
				DEBUG_INFORMATION_FORMAT = "dwarf-with-dsym";
				ENABLE_NS_ASSERTIONS = NO;
				ENABLE_STRICT_OBJC_MSGSEND = YES;
				ENABLE_USER_SCRIPT_SANDBOXING = YES;
				GCC_C_LANGUAGE_STANDARD = gnu17;
				GCC_NO_COMMON_BLOCKS = YES;
				GCC_WARN_64_TO_32_BIT_CONVERSION = YES;
				GCC_WARN_ABOUT_RETURN_TYPE = YES_ERROR;
				GCC_WARN_UNDECLARED_SELECTOR = YES;
				GCC_WARN_UNINITIALIZED_AUTOS = YES_AGGRESSIVE;
				GCC_WARN_UNUSED_FUNCTION = YES;
				GCC_WARN_UNUSED_VARIABLE = YES;
				IPHONEOS_DEPLOYMENT_TARGET = 26.5;
				LOCALIZATION_PREFERS_STRING_CATALOGS = YES;
				MTL_ENABLE_DEBUG_INFO = NO;
				MTL_FAST_MATH = YES;
				SDKROOT = iphoneos;
				SWIFT_COMPILATION_MODE = wholemodule;
				VALIDATE_PRODUCT = YES;
			};
			name = Release;
		};
		297354EE2FCFDBAD00D5419F /* Debug */ = {
			isa = XCBuildConfiguration;
			buildSettings = {
				ASSETCATALOG_COMPILER_APPICON_NAME = AppIcon;
				ASSETCATALOG_COMPILER_GLOBAL_ACCENT_COLOR_NAME = AccentColor;
				CODE_SIGN_STYLE = Automatic;
				CURRENT_PROJECT_VERSION = 1;
				ENABLE_PREVIEWS = YES;
				GENERATE_INFOPLIST_FILE = YES;
				INFOPLIST_FILE = DragDropDidgeridoo/Info.plist;
				INFOPLIST_KEY_UIApplicationSceneManifest_Generation = YES;
				INFOPLIST_KEY_UIApplicationSupportsIndirectInputEvents = YES;
				INFOPLIST_KEY_UILaunchScreen_Generation = YES;
				INFOPLIST_KEY_UISupportedInterfaceOrientations_iPad = "UIInterfaceOrientationPortrait UIInterfaceOrientationPortraitUpsideDown UIInterfaceOrientationLandscapeLeft UIInterfaceOrientationLandscapeRight";
				INFOPLIST_KEY_UISupportedInterfaceOrientations_iPhone = "UIInterfaceOrientationPortrait UIInterfaceOrientationLandscapeLeft UIInterfaceOrientationLandscapeRight";
				LD_RUNPATH_SEARCH_PATHS = (
					"$(inherited)",
					"@executable_path/Frameworks",
				);
				MARKETING_VERSION = 1.0;
				PRODUCT_BUNDLE_IDENTIFIER = com.nutterfi.DragDropDidgeridoo;
				PRODUCT_NAME = "$(TARGET_NAME)";
				STRING_CATALOG_GENERATE_SYMBOLS = YES;
				SWIFT_APPROACHABLE_CONCURRENCY = YES;
				SWIFT_DEFAULT_ACTOR_ISOLATION = MainActor;
				SWIFT_EMIT_LOC_STRINGS = YES;
				SWIFT_UPCOMING_FEATURE_MEMBER_IMPORT_VISIBILITY = YES;
				SWIFT_VERSION = 5.0;
				TARGETED_DEVICE_FAMILY = "1,2";
			};
			name = Debug;
		};
		297354EF2FCFDBAD00D5419F /* Release */ = {
			isa = XCBuildConfiguration;
			buildSettings = {
				ASSETCATALOG_COMPILER_APPICON_NAME = AppIcon;
				ASSETCATALOG_COMPILER_GLOBAL_ACCENT_COLOR_NAME = AccentColor;
				CODE_SIGN_STYLE = Automatic;
				CURRENT_PROJECT_VERSION = 1;
				ENABLE_PREVIEWS = YES;
				GENERATE_INFOPLIST_FILE = YES;
				INFOPLIST_FILE = DragDropDidgeridoo/Info.plist;
				INFOPLIST_KEY_UIApplicationSceneManifest_Generation = YES;
				INFOPLIST_KEY_UIApplicationSupportsIndirectInputEvents = YES;
				INFOPLIST_KEY_UILaunchScreen_Generation = YES;
				INFOPLIST_KEY_UISupportedInterfaceOrientations_iPad = "UIInterfaceOrientationPortrait UIInterfaceOrientationPortraitUpsideDown UIInterfaceOrientationLandscapeLeft UIInterfaceOrientationLandscapeRight";
				INFOPLIST_KEY_UISupportedInterfaceOrientations_iPhone = "UIInterfaceOrientationPortrait UIInterfaceOrientationLandscapeLeft UIInterfaceOrientationLandscapeRight";
				LD_RUNPATH_SEARCH_PATHS = (
					"$(inherited)",
					"@executable_path/Frameworks",
				);
				MARKETING_VERSION = 1.0;
				PRODUCT_BUNDLE_IDENTIFIER = com.nutterfi.DragDropDidgeridoo;
				PRODUCT_NAME = "$(TARGET_NAME)";
				STRING_CATALOG_GENERATE_SYMBOLS = YES;
				SWIFT_APPROACHABLE_CONCURRENCY = YES;
				SWIFT_DEFAULT_ACTOR_ISOLATION = MainActor;
				SWIFT_EMIT_LOC_STRINGS = YES;
				SWIFT_UPCOMING_FEATURE_MEMBER_IMPORT_VISIBILITY = YES;
				SWIFT_VERSION = 5.0;
				TARGETED_DEVICE_FAMILY = "1,2";
			};
			name = Release;
		};
		297354F12FCFDBAD00D5419F /* Debug */ = {
			isa = XCBuildConfiguration;
			buildSettings = {
				BUNDLE_LOADER = "$(TEST_HOST)";
				CODE_SIGN_STYLE = Automatic;
				CURRENT_PROJECT_VERSION = 1;
				GENERATE_INFOPLIST_FILE = YES;
				IPHONEOS_DEPLOYMENT_TARGET = 26.5;
				MARKETING_VERSION = 1.0;
				PRODUCT_BUNDLE_IDENTIFIER = com.nutterfi.DragDropDidgeridooTests;
				PRODUCT_NAME = "$(TARGET_NAME)";
				STRING_CATALOG_GENERATE_SYMBOLS = NO;
				SWIFT_APPROACHABLE_CONCURRENCY = YES;
				SWIFT_EMIT_LOC_STRINGS = NO;
				SWIFT_UPCOMING_FEATURE_MEMBER_IMPORT_VISIBILITY = YES;
				SWIFT_VERSION = 5.0;
				TARGETED_DEVICE_FAMILY = "1,2";
				TEST_HOST = "$(BUILT_PRODUCTS_DIR)/DragDropDidgeridoo.app/$(BUNDLE_EXECUTABLE_FOLDER_PATH)/DragDropDidgeridoo";
			};
			name = Debug;
		};
		297354F22FCFDBAD00D5419F /* Release */ = {
			isa = XCBuildConfiguration;
			buildSettings = {
				BUNDLE_LOADER = "$(TEST_HOST)";
				CODE_SIGN_STYLE = Automatic;
				CURRENT_PROJECT_VERSION = 1;
				GENERATE_INFOPLIST_FILE = YES;
				IPHONEOS_DEPLOYMENT_TARGET = 26.5;
				MARKETING_VERSION = 1.0;
				PRODUCT_BUNDLE_IDENTIFIER = com.nutterfi.DragDropDidgeridooTests;
				PRODUCT_NAME = "$(TARGET_NAME)";
				STRING_CATALOG_GENERATE_SYMBOLS = NO;
				SWIFT_APPROACHABLE_CONCURRENCY = YES;
				SWIFT_EMIT_LOC_STRINGS = NO;
				SWIFT_UPCOMING_FEATURE_MEMBER_IMPORT_VISIBILITY = YES;
				SWIFT_VERSION = 5.0;
				TARGETED_DEVICE_FAMILY = "1,2";
				TEST_HOST = "$(BUILT_PRODUCTS_DIR)/DragDropDidgeridoo.app/$(BUNDLE_EXECUTABLE_FOLDER_PATH)/DragDropDidgeridoo";
			};
			name = Release;
		};
		297354F42FCFDBAD00D5419F /* Debug */ = {
			isa = XCBuildConfiguration;
			buildSettings = {
				CODE_SIGN_STYLE = Automatic;
				CURRENT_PROJECT_VERSION = 1;
				GENERATE_INFOPLIST_FILE = YES;
				MARKETING_VERSION = 1.0;
				PRODUCT_BUNDLE_IDENTIFIER = com.nutterfi.DragDropDidgeridooUITests;
				PRODUCT_NAME = "$(TARGET_NAME)";
				STRING_CATALOG_GENERATE_SYMBOLS = NO;
				SWIFT_APPROACHABLE_CONCURRENCY = YES;
				SWIFT_EMIT_LOC_STRINGS = NO;
				SWIFT_UPCOMING_FEATURE_MEMBER_IMPORT_VISIBILITY = YES;
				SWIFT_VERSION = 5.0;
				TARGETED_DEVICE_FAMILY = "1,2";
				TEST_TARGET_NAME = DragDropDidgeridoo;
			};
			name = Debug;
		};
		297354F52FCFDBAD00D5419F /* Release */ = {
			isa = XCBuildConfiguration;
			buildSettings = {
				CODE_SIGN_STYLE = Automatic;
				CURRENT_PROJECT_VERSION = 1;
				GENERATE_INFOPLIST_FILE = YES;
				MARKETING_VERSION = 1.0;
				PRODUCT_BUNDLE_IDENTIFIER = com.nutterfi.DragDropDidgeridooUITests;
				PRODUCT_NAME = "$(TARGET_NAME)";
				STRING_CATALOG_GENERATE_SYMBOLS = NO;
				SWIFT_APPROACHABLE_CONCURRENCY = YES;
				SWIFT_EMIT_LOC_STRINGS = NO;
				SWIFT_UPCOMING_FEATURE_MEMBER_IMPORT_VISIBILITY = YES;
				SWIFT_VERSION = 5.0;
				TARGETED_DEVICE_FAMILY = "1,2";
				TEST_TARGET_NAME = DragDropDidgeridoo;
			};
			name = Release;
		};
/* End XCBuildConfiguration section */

/* Begin XCConfigurationList section */
		297354C72FCFDBAB00D5419F /* Build configuration list for PBXProject "DragDropDidgeridoo" */ = {
			isa = XCConfigurationList;
			buildConfigurations = (
				297354EB2FCFDBAD00D5419F /* Debug */,
				297354EC2FCFDBAD00D5419F /* Release */,
			);
			defaultConfigurationIsVisible = 0;
			defaultConfigurationName = Release;
		};
		297354ED2FCFDBAD00D5419F /* Build configuration list for PBXNativeTarget "DragDropDidgeridoo" */ = {
			isa = XCConfigurationList;
			buildConfigurations = (
				297354EE2FCFDBAD00D5419F /* Debug */,
				297354EF2FCFDBAD00D5419F /* Release */,
			);
			defaultConfigurationIsVisible = 0;
			defaultConfigurationName = Release;
		};
		297354F02FCFDBAD00D5419F /* Build configuration list for PBXNativeTarget "DragDropDidgeridooTests" */ = {
			isa = XCConfigurationList;
			buildConfigurations = (
				297354F12FCFDBAD00D5419F /* Debug */,
				297354F22FCFDBAD00D5419F /* Release */,
			);
			defaultConfigurationIsVisible = 0;
			defaultConfigurationName = Release;
		};
		297354F32FCFDBAD00D5419F /* Build configuration list for PBXNativeTarget "DragDropDidgeridooUITests" */ = {
			isa = XCConfigurationList;
			buildConfigurations = (
				297354F42FCFDBAD00D5419F /* Debug */,
				297354F52FCFDBAD00D5419F /* Release */,
			);
			defaultConfigurationIsVisible = 0;
			defaultConfigurationName = Release;
		};
/* End XCConfigurationList section */
	};
	rootObject = 297354C42FCFDBAB00D5419F /* Project object */;
}
